
Microsoft Visual Studio Solution File, Format Version 12.00
# Visual Studio 15
VisualStudioVersion = 15.0.27428.2015
MinimumVisualStudioVersion = 10.0.40219.1
Project("{FAE04EC0-301F-11D3-BF4B-00C04F79EFBC}") = "IoTWebApi", "IoTWebApi\IoTWebApi.csproj", "{63DEC3EA-7D57-4169-B45E-F5DB0C9EB2E5}"
EndProject
Project("{2150E333-8FDC-42A3-9474-1A3956D46DE8}") = "Database", "Database", "{D763287A-08A1-4967-BABE-9C7947F9DF28}"
	ProjectSection(SolutionItems) = preProject
		Database\CreateDatabaseScript.sql = Database\CreateDatabaseScript.sql
	EndProjectSection
EndProject
Project("{FAE04EC0-301F-11D3-BF4B-00C04F79EFBC}") = "IoTDevice", "IoTDevice\IoTDevice.csproj", "{053CF990-B589-4C68-BF08-8232A623FB3A}"
EndProject
Global
	GlobalSection(SolutionConfigurationPlatforms) = preSolution
		Debug|Any CPU = Debug|Any CPU
		Release|Any CPU = Release|Any CPU
	EndGlobalSection
	GlobalSection(ProjectConfigurationPlatforms) = postSolution
		{63DEC3EA-7D57-4169-B45E-F5DB0C9EB2E5}.Debug|Any CPU.ActiveCfg = Debug|Any CPU
		{63DEC3EA-7D57-4169-B45E-F5DB0C9EB2E5}.Debug|Any CPU.Build.0 = Debug|Any CPU
		{63DEC3EA-7D57-4169-B45E-F5DB0C9EB2E5}.Release|Any CPU.ActiveCfg = Release|Any CPU
		{63DEC3EA-7D57-4169-B45E-F5DB0C9EB2E5}.Release|Any CPU.Build.0 = Release|Any CPU
		{053CF990-B589-4C68-BF08-8232A623FB3A}.Debug|Any CPU.ActiveCfg = Debug|Any CPU
		{053CF990-B589-4C68-BF08-8232A623FB3A}.Debug|Any CPU.Build.0 = Debug|Any CPU
		{053CF990-B589-4C68-BF08-8232A623FB3A}.Release|Any CPU.ActiveCfg = Release|Any CPU
		{053CF990-B589-4C68-BF08-8232A623FB3A}.Release|Any CPU.Build.0 = Release|Any CPU
	EndGlobalSection
	GlobalSection(SolutionProperties) = preSolution
		HideSolutionNode = FALSE
	EndGlobalSection
	GlobalSection(ExtensibilityGlobals) = postSolution
		SolutionGuid = {8BEE0F4F-02FE-48D8-A99D-09750CDC4257}
	EndGlobalSection
EndGlobal
